
Microsoft Visual Studio Solution File, Format Version 12.00
# Visual Studio 15
VisualStudioVersion = 15.0.27130.2027
MinimumVisualStudioVersion = 10.0.40219.1
Project("{FAE04EC0-301F-11D3-BF4B-00C04F79EFBC}") = "ExcelAddInLogging", "ExcelAddInLogging\ExcelAddInLogging.csproj", "{D92BBD6C-D0DD-4A95-88D1-7AC5738D59F8}"
EndProject
Project("{FAE04EC0-301F-11D3-BF4B-00C04F79EFBC}") = "ExcelAddInForMacro", "ExcelAddInForMacro\ExcelAddInForMacro.csproj", "{69C8889E-94A8-4070-BFF0-88EE832DAB07}"
EndProject
Global
	GlobalSection(SolutionConfigurationPlatforms) = preSolution
		Debug|Any CPU = Debug|Any CPU
		Release|Any CPU = Release|Any CPU
	EndGlobalSection
	GlobalSection(ProjectConfigurationPlatforms) = postSolution
		{D92BBD6C-D0DD-4A95-88D1-7AC5738D59F8}.Debug|Any CPU.ActiveCfg = Debug|Any CPU
		{D92BBD6C-D0DD-4A95-88D1-7AC5738D59F8}.Debug|Any CPU.Build.0 = Debug|Any CPU
		{D92BBD6C-D0DD-4A95-88D1-7AC5738D59F8}.Release|Any CPU.ActiveCfg = Release|Any CPU
		{D92BBD6C-D0DD-4A95-88D1-7AC5738D59F8}.Release|Any CPU.Build.0 = Release|Any CPU
		{69C8889E-94A8-4070-BFF0-88EE832DAB07}.Debug|Any CPU.ActiveCfg = Debug|Any CPU
		{69C8889E-94A8-4070-BFF0-88EE832DAB07}.Debug|Any CPU.Build.0 = Debug|Any CPU
		{69C8889E-94A8-4070-BFF0-88EE832DAB07}.Release|Any CPU.ActiveCfg = Release|Any CPU
		{69C8889E-94A8-4070-BFF0-88EE832DAB07}.Release|Any CPU.Build.0 = Release|Any CPU
	EndGlobalSection
	GlobalSection(SolutionProperties) = preSolution
		HideSolutionNode = FALSE
	EndGlobalSection
	GlobalSection(ExtensibilityGlobals) = postSolution
		SolutionGuid = {56026689-9FB5-4A01-8319-6E73782E753B}
	EndGlobalSection
EndGlobal
